
Microsoft Visual Studio Solution File, Format Version 12.00
# Visual Studio Version 17
VisualStudioVersion = 17.11.35303.130
MinimumVisualStudioVersion = 10.0.40219.1
Project("{FAE04EC0-301F-11D3-BF4B-00C04F79EFBC}") = "CarRentalSystem.UI", "CarRentalSystem.UI.csproj", "{F08EFE8A-B0CF-4934-8EB1-A926B532D57C}"
EndProject
Project("{FAE04EC0-301F-11D3-BF4B-00C04F79EFBC}") = "CarRentalSystem.BusinessLayer", "..\CarRentalSystem.BusinessLayer\CarRentalSystem.BusinessLayer.csproj", "{412469B7-BF76-4162-ADA5-E5D4F90C5842}"
EndProject
Project("{FAE04EC0-301F-11D3-BF4B-00C04F79EFBC}") = "CarRentalSystem.Entity", "..\CarRentalSystem.Entity\CarRentalSystem.Entity.csproj", "{CA2EA743-EA2E-4443-8469-D12C5F5992A5}"
EndProject
Project("{FAE04EC0-301F-11D3-BF4B-00C04F79EFBC}") = "CarRentalSystem.DatabaseConnection", "..\CarRentalSystem.DatabaseConnection\CarRentalSystem.DatabaseConnection.csproj", "{44BBB59B-74A1-4FD6-A9F7-780169F43FDD}"
EndProject
Project("{FAE04EC0-301F-11D3-BF4B-00C04F79EFBC}") = "CarRentalSystemTests", "..\CarRentalSystemTests\CarRentalSystemTests.csproj", "{BCF1C091-1715-4082-8A58-1A2152C58E32}"
EndProject
Global
	GlobalSection(SolutionConfigurationPlatforms) = preSolution
		Debug|Any CPU = Debug|Any CPU
		Release|Any CPU = Release|Any CPU
	EndGlobalSection
	GlobalSection(ProjectConfigurationPlatforms) = postSolution
		{F08EFE8A-B0CF-4934-8EB1-A926B532D57C}.Debug|Any CPU.ActiveCfg = Debug|Any CPU
		{F08EFE8A-B0CF-4934-8EB1-A926B532D57C}.Debug|Any CPU.Build.0 = Debug|Any CPU
		{F08EFE8A-B0CF-4934-8EB1-A926B532D57C}.Release|Any CPU.ActiveCfg = Release|Any CPU
		{F08EFE8A-B0CF-4934-8EB1-A926B532D57C}.Release|Any CPU.Build.0 = Release|Any CPU
		{412469B7-BF76-4162-ADA5-E5D4F90C5842}.Debug|Any CPU.ActiveCfg = Debug|Any CPU
		{412469B7-BF76-4162-ADA5-E5D4F90C5842}.Debug|Any CPU.Build.0 = Debug|Any CPU
		{412469B7-BF76-4162-ADA5-E5D4F90C5842}.Release|Any CPU.ActiveCfg = Release|Any CPU
		{412469B7-BF76-4162-ADA5-E5D4F90C5842}.Release|Any CPU.Build.0 = Release|Any CPU
		{CA2EA743-EA2E-4443-8469-D12C5F5992A5}.Debug|Any CPU.ActiveCfg = Debug|Any CPU
		{CA2EA743-EA2E-4443-8469-D12C5F5992A5}.Debug|Any CPU.Build.0 = Debug|Any CPU
		{CA2EA743-EA2E-4443-8469-D12C5F5992A5}.Release|Any CPU.ActiveCfg = Release|Any CPU
		{CA2EA743-EA2E-4443-8469-D12C5F5992A5}.Release|Any CPU.Build.0 = Release|Any CPU
		{44BBB59B-74A1-4FD6-A9F7-780169F43FDD}.Debug|Any CPU.ActiveCfg = Debug|Any CPU
		{44BBB59B-74A1-4FD6-A9F7-780169F43FDD}.Debug|Any CPU.Build.0 = Debug|Any CPU
		{44BBB59B-74A1-4FD6-A9F7-780169F43FDD}.Release|Any CPU.ActiveCfg = Release|Any CPU
		{44BBB59B-74A1-4FD6-A9F7-780169F43FDD}.Release|Any CPU.Build.0 = Release|Any CPU
		{BCF1C091-1715-4082-8A58-1A2152C58E32}.Debug|Any CPU.ActiveCfg = Debug|Any CPU
		{BCF1C091-1715-4082-8A58-1A2152C58E32}.Debug|Any CPU.Build.0 = Debug|Any CPU
		{BCF1C091-1715-4082-8A58-1A2152C58E32}.Release|Any CPU.ActiveCfg = Release|Any CPU
		{BCF1C091-1715-4082-8A58-1A2152C58E32}.Release|Any CPU.Build.0 = Release|Any CPU
	EndGlobalSection
	GlobalSection(SolutionProperties) = preSolution
		HideSolutionNode = FALSE
	EndGlobalSection
	GlobalSection(ExtensibilityGlobals) = postSolution
		SolutionGuid = {18057F2E-C883-4CF1-A875-A5B086959A32}
	EndGlobalSection
EndGlobal
